
Microsoft Visual Studio Solution File, Format Version 12.00
# Visual Studio 15
VisualStudioVersion = 15.0.27703.2047
MinimumVisualStudioVersion = 10.0.40219.1
Project("{FAE04EC0-301F-11D3-BF4B-00C04F79EFBC}") = "TicketSystem.Web", "TicketSystem.Web\TicketSystem.Web.csproj", "{5AFD68FB-F430-4B33-BD9A-DEE0593FC2DA}"
EndProject
Global
	GlobalSection(SolutionConfigurationPlatforms) = preSolution
		Debug|Any CPU = Debug|Any CPU
		Release|Any CPU = Release|Any CPU
	EndGlobalSection
	GlobalSection(ProjectConfigurationPlatforms) = postSolution
		{5AFD68FB-F430-4B33-BD9A-DEE0593FC2DA}.Debug|Any CPU.ActiveCfg = Debug|Any CPU
		{5AFD68FB-F430-4B33-BD9A-DEE0593FC2DA}.Debug|Any CPU.Build.0 = Debug|Any CPU
		{5AFD68FB-F430-4B33-BD9A-DEE0593FC2DA}.Release|Any CPU.ActiveCfg = Release|Any CPU
		{5AFD68FB-F430-4B33-BD9A-DEE0593FC2DA}.Release|Any CPU.Build.0 = Release|Any CPU
	EndGlobalSection
	GlobalSection(SolutionProperties) = preSolution
		HideSolutionNode = FALSE
	EndGlobalSection
	GlobalSection(ExtensibilityGlobals) = postSolution
		SolutionGuid = {C46FDBA4-4C25-4675-BE71-E22CC81C7DAB}
	EndGlobalSection
EndGlobal
